
Microsoft Visual Studio Solution File, Format Version 12.00
# Visual Studio Version 16
VisualStudioVersion = 16.0.30503.244
MinimumVisualStudioVersion = 10.0.40219.1
Project("{9A19103F-16F7-4668-BE54-9A1E7A4F7556}") = "Hotel", "Hotel\Hotel.csproj", "{C08063F2-ADF8-40DA-8F5F-FAA29ECC275E}"
EndProject
Project("{9A19103F-16F7-4668-BE54-9A1E7A4F7556}") = "Data", "Data\Data.csproj", "{E4B4A8AD-5929-4E62-9EA2-BA8C67417292}"
EndProject
Project("{FAE04EC0-301F-11D3-BF4B-00C04F79EFBC}") = "HotelTests", "HotelTests\HotelTests.csproj", "{C2EB85B2-0C9C-499C-BAB9-852973A6FAE8}"
EndProject
Global
	GlobalSection(SolutionConfigurationPlatforms) = preSolution
		Debug|Any CPU = Debug|Any CPU
		Release|Any CPU = Release|Any CPU
	EndGlobalSection
	GlobalSection(ProjectConfigurationPlatforms) = postSolution
		{C08063F2-ADF8-40DA-8F5F-FAA29ECC275E}.Debug|Any CPU.ActiveCfg = Debug|Any CPU
		{C08063F2-ADF8-40DA-8F5F-FAA29ECC275E}.Debug|Any CPU.Build.0 = Debug|Any CPU
		{C08063F2-ADF8-40DA-8F5F-FAA29ECC275E}.Release|Any CPU.ActiveCfg = Release|Any CPU
		{C08063F2-ADF8-40DA-8F5F-FAA29ECC275E}.Release|Any CPU.Build.0 = Release|Any CPU
		{E4B4A8AD-5929-4E62-9EA2-BA8C67417292}.Debug|Any CPU.ActiveCfg = Debug|Any CPU
		{E4B4A8AD-5929-4E62-9EA2-BA8C67417292}.Debug|Any CPU.Build.0 = Debug|Any CPU
		{E4B4A8AD-5929-4E62-9EA2-BA8C67417292}.Release|Any CPU.ActiveCfg = Release|Any CPU
		{E4B4A8AD-5929-4E62-9EA2-BA8C67417292}.Release|Any CPU.Build.0 = Release|Any CPU
		{C2EB85B2-0C9C-499C-BAB9-852973A6FAE8}.Debug|Any CPU.ActiveCfg = Debug|Any CPU
		{C2EB85B2-0C9C-499C-BAB9-852973A6FAE8}.Debug|Any CPU.Build.0 = Debug|Any CPU
		{C2EB85B2-0C9C-499C-BAB9-852973A6FAE8}.Release|Any CPU.ActiveCfg = Release|Any CPU
		{C2EB85B2-0C9C-499C-BAB9-852973A6FAE8}.Release|Any CPU.Build.0 = Release|Any CPU
	EndGlobalSection
	GlobalSection(SolutionProperties) = preSolution
		HideSolutionNode = FALSE
	EndGlobalSection
	GlobalSection(ExtensibilityGlobals) = postSolution
		SolutionGuid = {1AFB748A-A4E9-43A7-BDE8-E259AB422E23}
	EndGlobalSection
EndGlobal
